{
  "nodes": {
    "advisory-db": {
      "flake": false,
      "locked": {
        "lastModified": 1769751671,
        "narHash": "sha256-Pn4TZ+b+xQ9arFvnTmXCltyVsq5OynAm9v5pRCOyjVg=",
        "owner": "rustsec",
        "repo": "advisory-db",
        "rev": "edfd9d41f20526aa7aea01ab374d0dac1626cdb6",
        "type": "github"
      },
      "original": {
        "owner": "rustsec",
        "repo": "advisory-db",
        "type": "github"
      }
    },
    "crane": {
      "locked": {
        "lastModified": 1768319649,
        "narHash": "sha256-VFkNyxHxkqGp8gf8kfFMW1j6XeBy609kv6TE9uF/0Js=",
        "rev": "4b6527687cfd20da3c2ef8287e01b74c2d6c705b",
        "revCount": 798,
        "type": "tarball",
        "url": "https://api.flakehub.com/f/pinned/ipetkov/crane/0.23.0/019bb818-93a1-7efd-a881-7420c5d6d4e6/source.tar.gz"
      },
      "original": {
        "type": "tarball",
        "url": "https://flakehub.com/f/ipetkov/crane/0"
      }
    },
    "flake-parts": {
      "inputs": {
        "nixpkgs-lib": "nixpkgs-lib"
      },
      "locked": {
        "lastModified": 1768135262,
        "narHash": "sha256-PVvu7OqHBGWN16zSi6tEmPwwHQ4rLPU9Plvs8/1TUBY=",
        "rev": "80daad04eddbbf5a4d883996a73f3f542fa437ac",
        "revCount": 435,
        "type": "tarball",
        "url": "https://api.flakehub.com/f/pinned/hercules-ci/flake-parts/0.1.435%2Brev-80daad04eddbbf5a4d883996a73f3f542fa437ac/019bae22-b551-7786-bf6d-33671a04a044/source.tar.gz"
      },
      "original": {
        "type": "tarball",
        "url": "https://flakehub.com/f/hercules-ci/flake-parts/0.1"
      }
    },
    "nixpkgs": {
      "locked": {
        "lastModified": 1769461804,
        "narHash": "sha256-msG8SU5WsBUfVVa/9RPLaymvi5bI8edTavbIq3vRlhI=",
        "rev": "bfc1b8a4574108ceef22f02bafcf6611380c100d",
        "revCount": 935279,
        "type": "tarball",
        "url": "https://api.flakehub.com/f/pinned/NixOS/nixpkgs/0.1.935279%2Brev-bfc1b8a4574108ceef22f02bafcf6611380c100d/019c02ef-f13d-717e-8527-f1603ec205db/source.tar.gz"
      },
      "original": {
        "type": "tarball",
        "url": "https://flakehub.com/f/NixOS/nixpkgs/0.1"
      }
    },
    "nixpkgs-lib": {
      "locked": {
        "lastModified": 1765674936,
        "narHash": "sha256-k00uTP4JNfmejrCLJOwdObYC9jHRrr/5M/a/8L2EIdo=",
        "owner": "nix-community",
        "repo": "nixpkgs.lib",
        "rev": "2075416fcb47225d9b68ac469a5c4801a9c4dd85",
        "type": "github"
      },
      "original": {
        "owner": "nix-community",
        "repo": "nixpkgs.lib",
        "type": "github"
      }
    },
    "nixpkgs_2": {
      "locked": {
        "lastModified": 1767364772,
        "narHash": "sha256-fFUnEYMla8b7UKjijLnMe+oVFOz6HjijGGNS1l7dYaQ=",
        "owner": "nixos",
        "repo": "nixpkgs",
        "rev": "16c7794d0a28b5a37904d55bcca36003b9109aaa",
        "type": "github"
      },
      "original": {
        "owner": "nixos",
        "ref": "nixpkgs-unstable",
        "repo": "nixpkgs",
        "type": "github"
      }
    },
    "root": {
      "inputs": {
        "advisory-db": "advisory-db",
        "crane": "crane",
        "flake-parts": "flake-parts",
        "nixpkgs": "nixpkgs",
        "rust-overlay": "rust-overlay",
        "treefmt-nix": "treefmt-nix"
      }
    },
    "rust-overlay": {
      "inputs": {
        "nixpkgs": [
          "nixpkgs"
        ]
      },
      "locked": {
        "lastModified": 1769742225,
        "narHash": "sha256-roSD/OJ3x9nF+Dxr+/bLClX3U8FP9EkCQIFpzxKjSUM=",
        "rev": "bcdd8d37594f0e201639f55889c01c827baf5c75",
        "revCount": 2058,
        "type": "tarball",
        "url": "https://api.flakehub.com/f/pinned/oxalica/rust-overlay/0.1.2058%2Brev-bcdd8d37594f0e201639f55889c01c827baf5c75/019c0cdd-6790-72f3-a766-eb923b2d2b42/source.tar.gz"
      },
      "original": {
        "type": "tarball",
        "url": "https://flakehub.com/f/oxalica/rust-overlay/0.1"
      }
    },
    "treefmt-nix": {
      "inputs": {
        "nixpkgs": "nixpkgs_2"
      },
      "locked": {
        "lastModified": 1769691507,
        "narHash": "sha256-8aAYwyVzSSwIhP2glDhw/G0i5+wOrren3v6WmxkVonM=",
        "rev": "28b19c5844cc6e2257801d43f2772a4b4c050a1b",
        "revCount": 536,
        "type": "tarball",
        "url": "https://api.flakehub.com/f/pinned/numtide/treefmt-nix/0.1.536%2Brev-28b19c5844cc6e2257801d43f2772a4b4c050a1b/019c0ade-c870-74ee-9d5b-2b8095eabce8/source.tar.gz"
      },
      "original": {
        "type": "tarball",
        "url": "https://flakehub.com/f/numtide/treefmt-nix/0.1"
      }
    }
  },
  "root": "root",
  "version": 7
}
